
Microsoft Visual Studio Solution File, Format Version 12.00
# Visual Studio Version 17
VisualStudioVersion = 17.3.32929.385
MinimumVisualStudioVersion = 10.0.40219.1
Project("{FAE04EC0-301F-11D3-BF4B-00C04F79EFBC}") = "MVVM_Examples", "MVVM_Examples\MVVM_Examples.csproj", "{43F2CB27-30C8-42C1-B69D-0DAF43131BD7}"
EndProject
Global
	GlobalSection(SolutionConfigurationPlatforms) = preSolution
		Debug|Any CPU = Debug|Any CPU
		Release|Any CPU = Release|Any CPU
	EndGlobalSection
	GlobalSection(ProjectConfigurationPlatforms) = postSolution
		{43F2CB27-30C8-42C1-B69D-0DAF43131BD7}.Debug|Any CPU.ActiveCfg = Debug|Any CPU
		{43F2CB27-30C8-42C1-B69D-0DAF43131BD7}.Debug|Any CPU.Build.0 = Debug|Any CPU
		{43F2CB27-30C8-42C1-B69D-0DAF43131BD7}.Release|Any CPU.ActiveCfg = Release|Any CPU
		{43F2CB27-30C8-42C1-B69D-0DAF43131BD7}.Release|Any CPU.Build.0 = Release|Any CPU
	EndGlobalSection
	GlobalSection(SolutionProperties) = preSolution
		HideSolutionNode = FALSE
	EndGlobalSection
	GlobalSection(ExtensibilityGlobals) = postSolution
		SolutionGuid = {32B2A427-F8DA-41FC-900D-7555E3AFE1A7}
	EndGlobalSection
EndGlobal
